{
  "name": "KeystrokeGIFs",
  "lockfileVersion": 2,
  "requires": true,
  "packages": {
    "": {
      "dependencies": {
        "markerjs2": "^2.21.4"
      }
    },
    "node_modules/markerjs2": {
      "version": "2.21.4",
      "resolved": "https://registry.npmjs.org/markerjs2/-/markerjs2-2.21.4.tgz",
      "integrity": "sha512-KftstbdiYYF1zYM2N87Fb60RnT/TpZsZNBOwH7Kp+yENQbtsP4zvnabqqnPGDBMoojhGNOF55wwG0Hk4ho9sHA=="
    }
  },
  "dependencies": {
    "markerjs2": {
      "version": "2.21.4",
      "resolved": "https://registry.npmjs.org/markerjs2/-/markerjs2-2.21.4.tgz",
      "integrity": "sha512-KftstbdiYYF1zYM2N87Fb60RnT/TpZsZNBOwH7Kp+yENQbtsP4zvnabqqnPGDBMoojhGNOF55wwG0Hk4ho9sHA=="
    }
  }
}
